
Microsoft Visual Studio Solution File, Format Version 12.00
# Visual Studio Version 17
VisualStudioVersion = 17.6.33815.320
MinimumVisualStudioVersion = 10.0.40219.1
Project("{FAE04EC0-301F-11D3-BF4B-00C04F79EFBC}") = "ConsoleApp2", "ConsoleApp2\ConsoleApp2.csproj", "{72F6585A-FE2C-464E-9D46-465798952CFB}"
EndProject
Global
	GlobalSection(SolutionConfigurationPlatforms) = preSolution
		Debug|Any CPU = Debug|Any CPU
		Release|Any CPU = Release|Any CPU
	EndGlobalSection
	GlobalSection(ProjectConfigurationPlatforms) = postSolution
		{72F6585A-FE2C-464E-9D46-465798952CFB}.Debug|Any CPU.ActiveCfg = Debug|Any CPU
		{72F6585A-FE2C-464E-9D46-465798952CFB}.Debug|Any CPU.Build.0 = Debug|Any CPU
		{72F6585A-FE2C-464E-9D46-465798952CFB}.Release|Any CPU.ActiveCfg = Release|Any CPU
		{72F6585A-FE2C-464E-9D46-465798952CFB}.Release|Any CPU.Build.0 = Release|Any CPU
	EndGlobalSection
	GlobalSection(SolutionProperties) = preSolution
		HideSolutionNode = FALSE
	EndGlobalSection
	GlobalSection(ExtensibilityGlobals) = postSolution
		SolutionGuid = {5E600BC2-F738-4EB4-9EA8-E9FA9724CA53}
	EndGlobalSection
EndGlobal
